
Microsoft Visual Studio Solution File, Format Version 12.00
# Visual Studio Version 17
VisualStudioVersion = 17.2.32630.192
MinimumVisualStudioVersion = 10.0.40219.1
Project("{FAE04EC0-301F-11D3-BF4B-00C04F79EFBC}") = "Client", "Client\Client.csproj", "{40345610-2087-4C50-AA10-04A33B003678}"
EndProject
Project("{FAE04EC0-301F-11D3-BF4B-00C04F79EFBC}") = "Server", "Server\Server.csproj", "{CE1B7725-E655-4940-A44C-E4FF04506E41}"
EndProject
Project("{FAE04EC0-301F-11D3-BF4B-00C04F79EFBC}") = "UltraNet", "UltraNet\UltraNet.csproj", "{85663349-4DA3-4F46-BE1E-C656C6BA0A84}"
EndProject
Global
	GlobalSection(SolutionConfigurationPlatforms) = preSolution
		Debug|Any CPU = Debug|Any CPU
		Release|Any CPU = Release|Any CPU
	EndGlobalSection
	GlobalSection(ProjectConfigurationPlatforms) = postSolution
		{40345610-2087-4C50-AA10-04A33B003678}.Debug|Any CPU.ActiveCfg = Debug|Any CPU
		{40345610-2087-4C50-AA10-04A33B003678}.Debug|Any CPU.Build.0 = Debug|Any CPU
		{40345610-2087-4C50-AA10-04A33B003678}.Release|Any CPU.ActiveCfg = Release|Any CPU
		{40345610-2087-4C50-AA10-04A33B003678}.Release|Any CPU.Build.0 = Release|Any CPU
		{CE1B7725-E655-4940-A44C-E4FF04506E41}.Debug|Any CPU.ActiveCfg = Debug|Any CPU
		{CE1B7725-E655-4940-A44C-E4FF04506E41}.Debug|Any CPU.Build.0 = Debug|Any CPU
		{CE1B7725-E655-4940-A44C-E4FF04506E41}.Release|Any CPU.ActiveCfg = Release|Any CPU
		{CE1B7725-E655-4940-A44C-E4FF04506E41}.Release|Any CPU.Build.0 = Release|Any CPU
		{85663349-4DA3-4F46-BE1E-C656C6BA0A84}.Debug|Any CPU.ActiveCfg = Debug|Any CPU
		{85663349-4DA3-4F46-BE1E-C656C6BA0A84}.Debug|Any CPU.Build.0 = Debug|Any CPU
		{85663349-4DA3-4F46-BE1E-C656C6BA0A84}.Release|Any CPU.ActiveCfg = Release|Any CPU
		{85663349-4DA3-4F46-BE1E-C656C6BA0A84}.Release|Any CPU.Build.0 = Release|Any CPU
	EndGlobalSection
	GlobalSection(SolutionProperties) = preSolution
		HideSolutionNode = FALSE
	EndGlobalSection
	GlobalSection(ExtensibilityGlobals) = postSolution
		SolutionGuid = {5D443D5B-7D82-4FA1-9FD1-CBF5B07098AD}
	EndGlobalSection
EndGlobal
